PODS:
  - pop (1.0.12)
  - XAlert (0.1.0):
    - pop

DEPENDENCIES:
  - XAlert (from `../`)

SPEC REPOS:
  https://github.com/cocoapods/specs.git:
    - pop

EXTERNAL SOURCES:
  XAlert:
    :path: "../"

SPEC CHECKSUMS:
  pop: d582054913807fd11fd50bfe6a539d91c7e1a55a
  XAlert: 89061be33520256cca4b19e6da085369c43be1b7

PODFILE CHECKSUM: 907905924b012eb3de0705d864f8d45bb2701da9

COCOAPODS: 1.6.0.beta.1
