// !$*UTF8*$!
{
	archiveVersion = 1;
	classes = {
	};
	objectVersion = 46;
	objects = {

/* Begin PBXBuildFile section */
		2A5ABB8C1BA4812400BD6B44 /* main.m in Sources */ = {isa = PBXBuildFile; fileRef = 2A5ABB8B1BA4812400BD6B44 /* main.m */; };
		2A5ABB8F1BA4812400BD6B44 /* AppDelegate.m in Sources */ = {isa = PBXBuildFile; fileRef = 2A5ABB8E1BA4812400BD6B44 /* AppDelegate.m */; };
		2A5ABB921BA4812400BD6B44 /* XAlert.xcdatamodeld in Sources */ = {isa = PBXBuildFile; fileRef = 2A5ABB901BA4812400BD6B44 /* XAlert.xcdatamodeld */; };
		2A5ABB951BA4812400BD6B44 /* ViewController.m in Sources */ = {isa = PBXBuildFile; fileRef = 2A5ABB941BA4812400BD6B44 /* ViewController.m */; };
		2A5ABB981BA4812400BD6B44 /* Main.storyboard in Resources */ = {isa = PBXBuildFile; fileRef = 2A5ABB961BA4812400BD6B44 /* Main.storyboard */; };
		2A5ABB9A1BA4812400BD6B44 /* Images.xcassets in Resources */ = {isa = PBXBuildFile; fileRef = 2A5ABB991BA4812400BD6B44 /* Images.xcassets */; };
		2A5ABB9D1BA4812400BD6B44 /* LaunchScreen.xib in Resources */ = {isa = PBXBuildFile; fileRef = 2A5ABB9B1BA4812400BD6B44 /* LaunchScreen.xib */; };
		2A5ABBA91BA4812400BD6B44 /* XAlertTests.m in Sources */ = {isa = PBXBuildFile; fileRef = 2A5ABBA81BA4812400BD6B44 /* XAlertTests.m */; };
		2A5ABC071BA4908900BD6B44 /* cute_girl.png in Resources */ = {isa = PBXBuildFile; fileRef = 2A5ABC061BA4908900BD6B44 /* cute_girl.png */; };
		2A60AC971CEC642F0009961E /* XActionSheet.m in Sources */ = {isa = PBXBuildFile; fileRef = 2A60AC941CEC642F0009961E /* XActionSheet.m */; };
		2A60AC981CEC642F0009961E /* XAlertView.m in Sources */ = {isa = PBXBuildFile; fileRef = 2A60AC961CEC642F0009961E /* XAlertView.m */; };
		4C4F1AC8D8856D74A04545A6 /* libPods.a in Frameworks */ = {isa = PBXBuildFile; fileRef = 8462E544569B712F0F42FB4F /* libPods.a */; };
/* End PBXBuildFile section */

/* Begin PBXContainerItemProxy section */
		2A5ABBA31BA4812400BD6B44 /* PBXContainerItemProxy */ = {
			isa = PBXContainerItemProxy;
			containerPortal = 2A5ABB7E1BA4812400BD6B44 /* Project object */;
			proxyType = 1;
			remoteGlobalIDString = 2A5ABB851BA4812400BD6B44;
			remoteInfo = XAlert;
		};
/* End PBXContainerItemProxy section */

/* Begin PBXFileReference section */
		2A5ABB861BA4812400BD6B44 /* XAlert.app */ = {isa = PBXFileReference; explicitFileType = wrapper.application; includeInIndex = 0; path = XAlert.app; sourceTree = BUILT_PRODUCTS_DIR; };
		2A5ABB8A1BA4812400BD6B44 /* Info.plist */ = {isa = PBXFileReference; lastKnownFileType = text.plist.xml; path = Info.plist; sourceTree = "<group>"; };
		2A5ABB8B1BA4812400BD6B44 /* main.m */ = {isa = PBXFileReference; lastKnownFileType = sourcecode.c.objc; path = main.m; sourceTree = "<group>"; };
		2A5ABB8D1BA4812400BD6B44 /* AppDelegate.h */ = {isa = PBXFileReference; lastKnownFileType = sourcecode.c.h; path = AppDelegate.h; sourceTree = "<group>"; };
		2A5ABB8E1BA4812400BD6B44 /* AppDelegate.m */ = {isa = PBXFileReference; lastKnownFileType = sourcecode.c.objc; path = AppDelegate.m; sourceTree = "<group>"; };
		2A5ABB911BA4812400BD6B44 /* XAlert.xcdatamodel */ = {isa = PBXFileReference; lastKnownFileType = wrapper.xcdatamodel; path = XAlert.xcdatamodel; sourceTree = "<group>"; };
		2A5ABB931BA4812400BD6B44 /* ViewController.h */ = {isa = PBXFileReference; lastKnownFileType = sourcecode.c.h; path = ViewController.h; sourceTree = "<group>"; };
		2A5ABB941BA4812400BD6B44 /* ViewController.m */ = {isa = PBXFileReference; lastKnownFileType = sourcecode.c.objc; path = ViewController.m; sourceTree = "<group>"; };
		2A5ABB971BA4812400BD6B44 /* Base */ = {isa = PBXFileReference; lastKnownFileType = file.storyboard; name = Base; path = Base.lproj/Main.storyboard; sourceTree = "<group>"; };
		2A5ABB991BA4812400BD6B44 /* Images.xcassets */ = {isa = PBXFileReference; lastKnownFileType = folder.assetcatalog; path = Images.xcassets; sourceTree = "<group>"; };
		2A5ABB9C1BA4812400BD6B44 /* Base */ = {isa = PBXFileReference; lastKnownFileType = file.xib; name = Base; path = Base.lproj/LaunchScreen.xib; sourceTree = "<group>"; };
		2A5ABBA21BA4812400BD6B44 /* XAlertTests.xctest */ = {isa = PBXFileReference; explicitFileType = wrapper.cfbundle; includeInIndex = 0; path = XAlertTests.xctest; sourceTree = BUILT_PRODUCTS_DIR; };
		2A5ABBA71BA4812400BD6B44 /* Info.plist */ = {isa = PBXFileReference; lastKnownFileType = text.plist.xml; path = Info.plist; sourceTree = "<group>"; };
		2A5ABBA81BA4812400BD6B44 /* XAlertTests.m */ = {isa = PBXFileReference; lastKnownFileType = sourcecode.c.objc; path = XAlertTests.m; sourceTree = "<group>"; };
		2A5ABC061BA4908900BD6B44 /* cute_girl.png */ = {isa = PBXFileReference; lastKnownFileType = image.png; path = cute_girl.png; sourceTree = "<group>"; };
		2A60AC931CEC642F0009961E /* XActionSheet.h */ = {isa = PBXFileReference; fileEncoding = 4; lastKnownFileType = sourcecode.c.h; path = XActionSheet.h; sourceTree = "<group>"; };
		2A60AC941CEC642F0009961E /* XActionSheet.m */ = {isa = PBXFileReference; fileEncoding = 4; lastKnownFileType = sourcecode.c.objc; path = XActionSheet.m; sourceTree = "<group>"; };
		2A60AC951CEC642F0009961E /* XAlertView.h */ = {isa = PBXFileReference; fileEncoding = 4; lastKnownFileType = sourcecode.c.h; path = XAlertView.h; sourceTree = "<group>"; };
		2A60AC961CEC642F0009961E /* XAlertView.m */ = {isa = PBXFileReference; fileEncoding = 4; lastKnownFileType = sourcecode.c.objc; path = XAlertView.m; sourceTree = "<group>"; };
		644A8BA8FDE28C86337479D1 /* Pods.release.xcconfig */ = {isa = PBXFileReference; includeInIndex = 1; lastKnownFileType = text.xcconfig; name = Pods.release.xcconfig; path = "Pods/Target Support Files/Pods/Pods.release.xcconfig"; sourceTree = "<group>"; };
		8462E544569B712F0F42FB4F /* libPods.a */ = {isa = PBXFileReference; explicitFileType = archive.ar; includeInIndex = 0; path = libPods.a; sourceTree = BUILT_PRODUCTS_DIR; };
		A58AC1FC0EC8D35C52AF3948 /* Pods.debug.xcconfig */ = {isa = PBXFileReference; includeInIndex = 1; lastKnownFileType = text.xcconfig; name = Pods.debug.xcconfig; path = "Pods/Target Support Files/Pods/Pods.debug.xcconfig"; sourceTree = "<group>"; };
/* End PBXFileReference section */

/* Begin PBXFrameworksBuildPhase section */
		2A5ABB831BA4812400BD6B44 /* Frameworks */ = {
			isa = PBXFrameworksBuildPhase;
			buildActionMask = 2147483647;
			files = (
				4C4F1AC8D8856D74A04545A6 /* libPods.a in Frameworks */,
			);
			runOnlyForDeploymentPostprocessing = 0;
		};
		2A5ABB9F1BA4812400BD6B44 /* Frameworks */ = {
			isa = PBXFrameworksBuildPhase;
			buildActionMask = 2147483647;
			files = (
			);
			runOnlyForDeploymentPostprocessing = 0;
		};
/* End PBXFrameworksBuildPhase section */

/* Begin PBXGroup section */
		2A5ABB7D1BA4812400BD6B44 = {
			isa = PBXGroup;
			children = (
				2A5ABB881BA4812400BD6B44 /* XAlert */,
				2A5ABBA51BA4812400BD6B44 /* XAlertTests */,
				2A5ABB871BA4812400BD6B44 /* Products */,
				B2ACF67A9E1575AE7E9BF94C /* Pods */,
				7A80C953B69703F1E29B66A2 /* Frameworks */,
			);
			sourceTree = "<group>";
		};
		2A5ABB871BA4812400BD6B44 /* Products */ = {
			isa = PBXGroup;
			children = (
				2A5ABB861BA4812400BD6B44 /* XAlert.app */,
				2A5ABBA21BA4812400BD6B44 /* XAlertTests.xctest */,
			);
			name = Products;
			sourceTree = "<group>";
		};
		2A5ABB881BA4812400BD6B44 /* XAlert */ = {
			isa = PBXGroup;
			children = (
				2A60AC921CEC642F0009961E /* XAlert */,
				2A60AC911CEC63F60009961E /* Image */,
				2A5ABB8D1BA4812400BD6B44 /* AppDelegate.h */,
				2A5ABB8E1BA4812400BD6B44 /* AppDelegate.m */,
				2A5ABB931BA4812400BD6B44 /* ViewController.h */,
				2A5ABB941BA4812400BD6B44 /* ViewController.m */,
				2A5ABB961BA4812400BD6B44 /* Main.storyboard */,
				2A5ABB991BA4812400BD6B44 /* Images.xcassets */,
				2A5ABB9B1BA4812400BD6B44 /* LaunchScreen.xib */,
				2A5ABB901BA4812400BD6B44 /* XAlert.xcdatamodeld */,
				2A5ABB891BA4812400BD6B44 /* Supporting Files */,
			);
			path = XAlert;
			sourceTree = "<group>";
		};
		2A5ABB891BA4812400BD6B44 /* Supporting Files */ = {
			isa = PBXGroup;
			children = (
				2A5ABB8A1BA4812400BD6B44 /* Info.plist */,
				2A5ABB8B1BA4812400BD6B44 /* main.m */,
			);
			name = "Supporting Files";
			sourceTree = "<group>";
		};
		2A5ABBA51BA4812400BD6B44 /* XAlertTests */ = {
			isa = PBXGroup;
			children = (
				2A5ABBA81BA4812400BD6B44 /* XAlertTests.m */,
				2A5ABBA61BA4812400BD6B44 /* Supporting Files */,
			);
			path = XAlertTests;
			sourceTree = "<group>";
		};
		2A5ABBA61BA4812400BD6B44 /* Supporting Files */ = {
			isa = PBXGroup;
			children = (
				2A5ABBA71BA4812400BD6B44 /* Info.plist */,
			);
			name = "Supporting Files";
			sourceTree = "<group>";
		};
		2A60AC911CEC63F60009961E /* Image */ = {
			isa = PBXGroup;
			children = (
				2A5ABC061BA4908900BD6B44 /* cute_girl.png */,
			);
			name = Image;
			sourceTree = "<group>";
		};
		2A60AC921CEC642F0009961E /* XAlert */ = {
			isa = PBXGroup;
			children = (
				2A60AC931CEC642F0009961E /* XActionSheet.h */,
				2A60AC941CEC642F0009961E /* XActionSheet.m */,
				2A60AC951CEC642F0009961E /* XAlertView.h */,
				2A60AC961CEC642F0009961E /* XAlertView.m */,
			);
			name = XAlert;
			path = ../../XAlert;
			sourceTree = "<group>";
		};
		7A80C953B69703F1E29B66A2 /* Frameworks */ = {
			isa = PBXGroup;
			children = (
				8462E544569B712F0F42FB4F /* libPods.a */,
			);
			name = Frameworks;
			sourceTree = "<group>";
		};
		B2ACF67A9E1575AE7E9BF94C /* Pods */ = {
			isa = PBXGroup;
			children = (
				A58AC1FC0EC8D35C52AF3948 /* Pods.debug.xcconfig */,
				644A8BA8FDE28C86337479D1 /* Pods.release.xcconfig */,
			);
			name = Pods;
			sourceTree = "<group>";
		};
/* End PBXGroup section */

/* Begin PBXNativeTarget section */
		2A5ABB851BA4812400BD6B44 /* XAlert */ = {
			isa = PBXNativeTarget;
			buildConfigurationList = 2A5ABBAC1BA4812400BD6B44 /* Build configuration list for PBXNativeTarget "XAlert" */;
			buildPhases = (
				2C455CDE47D19F97CF0577FE /* Check Pods Manifest.lock */,
				2A5ABB821BA4812400BD6B44 /* Sources */,
				2A5ABB831BA4812400BD6B44 /* Frameworks */,
				2A5ABB841BA4812400BD6B44 /* Resources */,
				7321A80AA1342CDF90ACC5CE /* Embed Pods Frameworks */,
				0878942B58E34200B42694A8 /* Copy Pods Resources */,
			);
			buildRules = (
			);
			dependencies = (
			);
			name = XAlert;
			productName = XAlert;
			productReference = 2A5ABB861BA4812400BD6B44 /* XAlert.app */;
			productType = "com.apple.product-type.application";
		};
		2A5ABBA11BA4812400BD6B44 /* XAlertTests */ = {
			isa = PBXNativeTarget;
			buildConfigurationList = 2A5ABBAF1BA4812400BD6B44 /* Build configuration list for PBXNativeTarget "XAlertTests" */;
			buildPhases = (
				2A5ABB9E1BA4812400BD6B44 /* Sources */,
				2A5ABB9F1BA4812400BD6B44 /* Frameworks */,
				2A5ABBA01BA4812400BD6B44 /* Resources */,
			);
			buildRules = (
			);
			dependencies = (
				2A5ABBA41BA4812400BD6B44 /* PBXTargetDependency */,
			);
			name = XAlertTests;
			productName = XAlertTests;
			productReference = 2A5ABBA21BA4812400BD6B44 /* XAlertTests.xctest */;
			productType = "com.apple.product-type.bundle.unit-test";
		};
/* End PBXNativeTarget section */

/* Begin PBXProject section */
		2A5ABB7E1BA4812400BD6B44 /* Project object */ = {
			isa = PBXProject;
			attributes = {
				LastUpgradeCheck = 0640;
				ORGANIZATIONNAME = xlx;
				TargetAttributes = {
					2A5ABB851BA4812400BD6B44 = {
						CreatedOnToolsVersion = 6.4;
					};
					2A5ABBA11BA4812400BD6B44 = {
						CreatedOnToolsVersion = 6.4;
						TestTargetID = 2A5ABB851BA4812400BD6B44;
					};
				};
			};
			buildConfigurationList = 2A5ABB811BA4812400BD6B44 /* Build configuration list for PBXProject "XAlert" */;
			compatibilityVersion = "Xcode 3.2";
			developmentRegion = English;
			hasScannedForEncodings = 0;
			knownRegions = (
				en,
				Base,
			);
			mainGroup = 2A5ABB7D1BA4812400BD6B44;
			productRefGroup = 2A5ABB871BA4812400BD6B44 /* Products */;
			projectDirPath = "";
			projectRoot = "";
			targets = (
				2A5ABB851BA4812400BD6B44 /* XAlert */,
				2A5ABBA11BA4812400BD6B44 /* XAlertTests */,
			);
		};
/* End PBXProject section */

/* Begin PBXResourcesBuildPhase section */
		2A5ABB841BA4812400BD6B44 /* Resources */ = {
			isa = PBXResourcesBuildPhase;
			buildActionMask = 2147483647;
			files = (
				2A5ABC071BA4908900BD6B44 /* cute_girl.png in Resources */,
				2A5ABB981BA4812400BD6B44 /* Main.storyboard in Resources */,
				2A5ABB9D1BA4812400BD6B44 /* LaunchScreen.xib in Resources */,
				2A5ABB9A1BA4812400BD6B44 /* Images.xcassets in Resources */,
			);
			runOnlyForDeploymentPostprocessing = 0;
		};
		2A5ABBA01BA4812400BD6B44 /* Resources */ = {
			isa = PBXResourcesBuildPhase;
			buildActionMask = 2147483647;
			files = (
			);
			runOnlyForDeploymentPostprocessing = 0;
		};
/* End PBXResourcesBuildPhase section */

/* Begin PBXShellScriptBuildPhase section */
		0878942B58E34200B42694A8 /* Copy Pods Resources */ = {
			isa = PBXShellScriptBuildPhase;
			buildActionMask = 2147483647;
			files = (
			);
			inputPaths = (
			);
			name = "Copy Pods Resources";
			outputPaths = (
			);
			runOnlyForDeploymentPostprocessing = 0;
			shellPath = /bin/sh;
			shellScript = "\"${SRCROOT}/Pods/Target Support Files/Pods/Pods-resources.sh\"\n";
			showEnvVarsInLog = 0;
		};
		2C455CDE47D19F97CF0577FE /* Check Pods Manifest.lock */ = {
			isa = PBXShellScriptBuildPhase;
			buildActionMask = 2147483647;
			files = (
			);
			inputPaths = (
			);
			name = "Check Pods Manifest.lock";
			outputPaths = (
			);
			runOnlyForDeploymentPostprocessing = 0;
			shellPath = /bin/sh;
			shellScript = "diff \"${PODS_ROOT}/../Podfile.lock\" \"${PODS_ROOT}/Manifest.lock\" > /dev/null\nif [[ $? != 0 ]] ; then\n    cat << EOM\nerror: The sandbox is not in sync with the Podfile.lock. Run 'pod install' or update your CocoaPods installation.\nEOM\n    exit 1\nfi\n";
			showEnvVarsInLog = 0;
		};
		7321A80AA1342CDF90ACC5CE /* Embed Pods Frameworks */ = {
			isa = PBXShellScriptBuildPhase;
			buildActionMask = 2147483647;
			files = (
			);
			inputPaths = (
			);
			name = "Embed Pods Frameworks";
			outputPaths = (
			);
			runOnlyForDeploymentPostprocessing = 0;
			shellPath = /bin/sh;
			shellScript = "\"${SRCROOT}/Pods/Target Support Files/Pods/Pods-frameworks.sh\"\n";
			showEnvVarsInLog = 0;
		};
/* End PBXShellScriptBuildPhase section */

/* Begin PBXSourcesBuildPhase section */
		2A5ABB821BA4812400BD6B44 /* Sources */ = {
			isa = PBXSourcesBuildPhase;
			buildActionMask = 2147483647;
			files = (
				2A5ABB8F1BA4812400BD6B44 /* AppDelegate.m in Sources */,
				2A5ABB921BA4812400BD6B44 /* XAlert.xcdatamodeld in Sources */,
				2A5ABB951BA4812400BD6B44 /* ViewController.m in Sources */,
				2A5ABB8C1BA4812400BD6B44 /* main.m in Sources */,
				2A60AC981CEC642F0009961E /* XAlertView.m in Sources */,
				2A60AC971CEC642F0009961E /* XActionSheet.m in Sources */,
			);
			runOnlyForDeploymentPostprocessing = 0;
		};
		2A5ABB9E1BA4812400BD6B44 /* Sources */ = {
			isa = PBXSourcesBuildPhase;
			buildActionMask = 2147483647;
			files = (
				2A5ABBA91BA4812400BD6B44 /* XAlertTests.m in Sources */,
			);
			runOnlyForDeploymentPostprocessing = 0;
		};
/* End PBXSourcesBuildPhase section */

/* Begin PBXTargetDependency section */
		2A5ABBA41BA4812400BD6B44 /* PBXTargetDependency */ = {
			isa = PBXTargetDependency;
			target = 2A5ABB851BA4812400BD6B44 /* XAlert */;
			targetProxy = 2A5ABBA31BA4812400BD6B44 /* PBXContainerItemProxy */;
		};
/* End PBXTargetDependency section */

/* Begin PBXVariantGroup section */
		2A5ABB961BA4812400BD6B44 /* Main.storyboard */ = {
			isa = PBXVariantGroup;
			children = (
				2A5ABB971BA4812400BD6B44 /* Base */,
			);
			name = Main.storyboard;
			sourceTree = "<group>";
		};
		2A5ABB9B1BA4812400BD6B44 /* LaunchScreen.xib */ = {
			isa = PBXVariantGroup;
			children = (
				2A5ABB9C1BA4812400BD6B44 /* Base */,
			);
			name = LaunchScreen.xib;
			sourceTree = "<group>";
		};
/* End PBXVariantGroup section */

/* Begin XCBuildConfiguration section */
		2A5ABBAA1BA4812400BD6B44 /* Debug */ = {
			isa = XCBuildConfiguration;
			buildSettings = {
				ALWAYS_SEARCH_USER_PATHS = NO;
				CLANG_CXX_LANGUAGE_STANDARD = "gnu++0x";
				CLANG_CXX_LIBRARY = "libc++";
				CLANG_ENABLE_MODULES = YES;
				CLANG_ENABLE_OBJC_ARC = YES;
				CLANG_WARN_BOOL_CONVERSION = YES;
				CLANG_WARN_CONSTANT_CONVERSION = YES;
				CLANG_WARN_DIRECT_OBJC_ISA_USAGE = YES_ERROR;
				CLANG_WARN_EMPTY_BODY = YES;
				CLANG_WARN_ENUM_CONVERSION = YES;
				CLANG_WARN_INT_CONVERSION = YES;
				CLANG_WARN_OBJC_ROOT_CLASS = YES_ERROR;
				CLANG_WARN_UNREACHABLE_CODE = YES;
				CLANG_WARN__DUPLICATE_METHOD_MATCH = YES;
				"CODE_SIGN_IDENTITY[sdk=iphoneos*]" = "iPhone Developer";
				COPY_PHASE_STRIP = NO;
				DEBUG_INFORMATION_FORMAT = "dwarf-with-dsym";
				ENABLE_STRICT_OBJC_MSGSEND = YES;
				GCC_C_LANGUAGE_STANDARD = gnu99;
				GCC_DYNAMIC_NO_PIC = NO;
				GCC_NO_COMMON_BLOCKS = YES;
				GCC_OPTIMIZATION_LEVEL = 0;
				GCC_PREPROCESSOR_DEFINITIONS = (
					"DEBUG=1",
					"$(inherited)",
				);
				GCC_SYMBOLS_PRIVATE_EXTERN = NO;
				GCC_WARN_64_TO_32_BIT_CONVERSION = YES;
				GCC_WARN_ABOUT_RETURN_TYPE = YES_ERROR;
				GCC_WARN_UNDECLARED_SELECTOR = YES;
				GCC_WARN_UNINITIALIZED_AUTOS = YES_AGGRESSIVE;
				GCC_WARN_UNUSED_FUNCTION = YES;
				GCC_WARN_UNUSED_VARIABLE = YES;
				IPHONEOS_DEPLOYMENT_TARGET = 8.4;
				MTL_ENABLE_DEBUG_INFO = YES;
				ONLY_ACTIVE_ARCH = YES;
				SDKROOT = iphoneos;
				TARGETED_DEVICE_FAMILY = "1,2";
			};
			name = Debug;
		};
		2A5ABBAB1BA4812400BD6B44 /* Release */ = {
			isa = XCBuildConfiguration;
			buildSettings = {
				ALWAYS_SEARCH_USER_PATHS = NO;
				CLANG_CXX_LANGUAGE_STANDARD = "gnu++0x";
				CLANG_CXX_LIBRARY = "libc++";
				CLANG_ENABLE_MODULES = YES;
				CLANG_ENABLE_OBJC_ARC = YES;
				CLANG_WARN_BOOL_CONVERSION = YES;
				CLANG_WARN_CONSTANT_CONVERSION = YES;
				CLANG_WARN_DIRECT_OBJC_ISA_USAGE = YES_ERROR;
				CLANG_WARN_EMPTY_BODY = YES;
				CLANG_WARN_ENUM_CONVERSION = YES;
				CLANG_WARN_INT_CONVERSION = YES;
				CLANG_WARN_OBJC_ROOT_CLASS = YES_ERROR;
				CLANG_WARN_UNREACHABLE_CODE = YES;
				CLANG_WARN__DUPLICATE_METHOD_MATCH = YES;
				"CODE_SIGN_IDENTITY[sdk=iphoneos*]" = "iPhone Developer";
				COPY_PHASE_STRIP = NO;
				DEBUG_INFORMATION_FORMAT = "dwarf-with-dsym";
				ENABLE_NS_ASSERTIONS = NO;
				ENABLE_STRICT_OBJC_MSGSEND = YES;
				GCC_C_LANGUAGE_STANDARD = gnu99;
				GCC_NO_COMMON_BLOCKS = YES;
				GCC_WARN_64_TO_32_BIT_CONVERSION = YES;
				GCC_WARN_ABOUT_RETURN_TYPE = YES_ERROR;
				GCC_WARN_UNDECLARED_SELECTOR = YES;
				GCC_WARN_UNINITIALIZED_AUTOS = YES_AGGRESSIVE;
				GCC_WARN_UNUSED_FUNCTION = YES;
				GCC_WARN_UNUSED_VARIABLE = YES;
				IPHONEOS_DEPLOYMENT_TARGET = 8.4;
				MTL_ENABLE_DEBUG_INFO = NO;
				SDKROOT = iphoneos;
				TARGETED_DEVICE_FAMILY = "1,2";
				VALIDATE_PRODUCT = YES;
			};
			name = Release;
		};
		2A5ABBAD1BA4812400BD6B44 /* Debug */ = {
			isa = XCBuildConfiguration;
			baseConfigurationReference = A58AC1FC0EC8D35C52AF3948 /* Pods.debug.xcconfig */;
			buildSettings = {
				ASSETCATALOG_COMPILER_APPICON_NAME = AppIcon;
				INFOPLIST_FILE = XAlert/Info.plist;
				IPHONEOS_DEPLOYMENT_TARGET = 9.3;
				LD_RUNPATH_SEARCH_PATHS = "$(inherited) @executable_path/Frameworks";
				PRODUCT_NAME = "$(TARGET_NAME)";
			};
			name = Debug;
		};
		2A5ABBAE1BA4812400BD6B44 /* Release */ = {
			isa = XCBuildConfiguration;
			baseConfigurationReference = 644A8BA8FDE28C86337479D1 /* Pods.release.xcconfig */;
			buildSettings = {
				ASSETCATALOG_COMPILER_APPICON_NAME = AppIcon;
				INFOPLIST_FILE = XAlert/Info.plist;
				IPHONEOS_DEPLOYMENT_TARGET = 9.3;
				LD_RUNPATH_SEARCH_PATHS = "$(inherited) @executable_path/Frameworks";
				PRODUCT_NAME = "$(TARGET_NAME)";
			};
			name = Release;
		};
		2A5ABBB01BA4812400BD6B44 /* Debug */ = {
			isa = XCBuildConfiguration;
			buildSettings = {
				BUNDLE_LOADER = "$(TEST_HOST)";
				FRAMEWORK_SEARCH_PATHS = (
					"$(SDKROOT)/Developer/Library/Frameworks",
					"$(inherited)",
				);
				GCC_PREPROCESSOR_DEFINITIONS = (
					"DEBUG=1",
					"$(inherited)",
				);
				INFOPLIST_FILE = XAlertTests/Info.plist;
				LD_RUNPATH_SEARCH_PATHS = "$(inherited) @executable_path/Frameworks @loader_path/Frameworks";
				PRODUCT_NAME = "$(TARGET_NAME)";
				TEST_HOST = "$(BUILT_PRODUCTS_DIR)/XAlert.app/XAlert";
			};
			name = Debug;
		};
		2A5ABBB11BA4812400BD6B44 /* Release */ = {
			isa = XCBuildConfiguration;
			buildSettings = {
				BUNDLE_LOADER = "$(TEST_HOST)";
				FRAMEWORK_SEARCH_PATHS = (
					"$(SDKROOT)/Developer/Library/Frameworks",
					"$(inherited)",
				);
				INFOPLIST_FILE = XAlertTests/Info.plist;
				LD_RUNPATH_SEARCH_PATHS = "$(inherited) @executable_path/Frameworks @loader_path/Frameworks";
				PRODUCT_NAME = "$(TARGET_NAME)";
				TEST_HOST = "$(BUILT_PRODUCTS_DIR)/XAlert.app/XAlert";
			};
			name = Release;
		};
/* End XCBuildConfiguration section */

/* Begin XCConfigurationList section */
		2A5ABB811BA4812400BD6B44 /* Build configuration list for PBXProject "XAlert" */ = {
			isa = XCConfigurationList;
			buildConfigurations = (
				2A5ABBAA1BA4812400BD6B44 /* Debug */,
				2A5ABBAB1BA4812400BD6B44 /* Release */,
			);
			defaultConfigurationIsVisible = 0;
			defaultConfigurationName = Release;
		};
		2A5ABBAC1BA4812400BD6B44 /* Build configuration list for PBXNativeTarget "XAlert" */ = {
			isa = XCConfigurationList;
			buildConfigurations = (
				2A5ABBAD1BA4812400BD6B44 /* Debug */,
				2A5ABBAE1BA4812400BD6B44 /* Release */,
			);
			defaultConfigurationIsVisible = 0;
			defaultConfigurationName = Release;
		};
		2A5ABBAF1BA4812400BD6B44 /* Build configuration list for PBXNativeTarget "XAlertTests" */ = {
			isa = XCConfigurationList;
			buildConfigurations = (
				2A5ABBB01BA4812400BD6B44 /* Debug */,
				2A5ABBB11BA4812400BD6B44 /* Release */,
			);
			defaultConfigurationIsVisible = 0;
			defaultConfigurationName = Release;
		};
/* End XCConfigurationList section */

/* Begin XCVersionGroup section */
		2A5ABB901BA4812400BD6B44 /* XAlert.xcdatamodeld */ = {
			isa = XCVersionGroup;
			children = (
				2A5ABB911BA4812400BD6B44 /* XAlert.xcdatamodel */,
			);
			currentVersion = 2A5ABB911BA4812400BD6B44 /* XAlert.xcdatamodel */;
			path = XAlert.xcdatamodeld;
			sourceTree = "<group>";
			versionGroupType = wrapper.xcdatamodel;
		};
/* End XCVersionGroup section */
	};
	rootObject = 2A5ABB7E1BA4812400BD6B44 /* Project object */;
}
